
Microsoft Visual Studio Solution File, Format Version 12.00
# Visual Studio 14
VisualStudioVersion = 14.0.23107.0
MinimumVisualStudioVersion = 10.0.40219.1
Project("{FAE04EC0-301F-11D3-BF4B-00C04F79EFBC}") = "MvcCms", "MvcCms\MvcCms.csproj", "{0C229A2E-260C-49BF-BFF0-F8ED76869732}"
EndProject
Project("{FAE04EC0-301F-11D3-BF4B-00C04F79EFBC}") = "MvcCms.Tests", "MvcCms.Tests\MvcCms.Tests.csproj", "{B8AF9A51-71D7-4E8D-83B0-4B94451CBFF4}"
EndProject
Global
	GlobalSection(SolutionConfigurationPlatforms) = preSolution
		Debug|Any CPU = Debug|Any CPU
		Release|Any CPU = Release|Any CPU
	EndGlobalSection
	GlobalSection(ProjectConfigurationPlatforms) = postSolution
		{0C229A2E-260C-49BF-BFF0-F8ED76869732}.Debug|Any CPU.ActiveCfg = Debug|Any CPU
		{0C229A2E-260C-49BF-BFF0-F8ED76869732}.Debug|Any CPU.Build.0 = Debug|Any CPU
		{0C229A2E-260C-49BF-BFF0-F8ED76869732}.Release|Any CPU.ActiveCfg = Release|Any CPU
		{0C229A2E-260C-49BF-BFF0-F8ED76869732}.Release|Any CPU.Build.0 = Release|Any CPU
		{B8AF9A51-71D7-4E8D-83B0-4B94451CBFF4}.Debug|Any CPU.ActiveCfg = Debug|Any CPU
		{B8AF9A51-71D7-4E8D-83B0-4B94451CBFF4}.Debug|Any CPU.Build.0 = Debug|Any CPU
		{B8AF9A51-71D7-4E8D-83B0-4B94451CBFF4}.Release|Any CPU.ActiveCfg = Release|Any CPU
		{B8AF9A51-71D7-4E8D-83B0-4B94451CBFF4}.Release|Any CPU.Build.0 = Release|Any CPU
	EndGlobalSection
	GlobalSection(SolutionProperties) = preSolution
		HideSolutionNode = FALSE
	EndGlobalSection
EndGlobal
